
Microsoft Visual Studio Solution File, Format Version 12.00
# Visual Studio Version 17
VisualStudioVersion = 17.2.32602.215
MinimumVisualStudioVersion = 10.0.40219.1
Project("{FAE04EC0-301F-11D3-BF4B-00C04F79EFBC}") = "ProjetoAula02", "ProjetoAula02\ProjetoAula02.csproj", "{C871A937-97FD-48DD-B662-C544A873411A}"
EndProject
Global
	GlobalSection(SolutionConfigurationPlatforms) = preSolution
		Debug|Any CPU = Debug|Any CPU
		Release|Any CPU = Release|Any CPU
	EndGlobalSection
	GlobalSection(ProjectConfigurationPlatforms) = postSolution
		{C871A937-97FD-48DD-B662-C544A873411A}.Debug|Any CPU.ActiveCfg = Debug|Any CPU
		{C871A937-97FD-48DD-B662-C544A873411A}.Debug|Any CPU.Build.0 = Debug|Any CPU
		{C871A937-97FD-48DD-B662-C544A873411A}.Release|Any CPU.ActiveCfg = Release|Any CPU
		{C871A937-97FD-48DD-B662-C544A873411A}.Release|Any CPU.Build.0 = Release|Any CPU
	EndGlobalSection
	GlobalSection(SolutionProperties) = preSolution
		HideSolutionNode = FALSE
	EndGlobalSection
	GlobalSection(ExtensibilityGlobals) = postSolution
		SolutionGuid = {369659DF-CD28-4214-BCCE-84B2E50A8BD8}
	EndGlobalSection
EndGlobal
